
Microsoft Visual Studio Solution File, Format Version 12.00
# Visual Studio Version 17
VisualStudioVersion = 17.10.35004.147
MinimumVisualStudioVersion = 10.0.40219.1
Project("{9A19103F-16F7-4668-BE54-9A1E7A4F7556}") = "CommonLibrary", "CommonLibrary\CommonLibrary.csproj", "{7035D46E-8A1B-411C-BB98-C7DA3A2958E7}"
EndProject
Project("{FAE04EC0-301F-11D3-BF4B-00C04F79EFBC}") = "RazorCommonLibrary", "RazorCommonLibrary\RazorCommonLibrary.csproj", "{314D6171-E70A-4D64-9CEB-E88797ECFD44}"
EndProject
Global
	GlobalSection(SolutionConfigurationPlatforms) = preSolution
		Debug|Any CPU = Debug|Any CPU
		Release|Any CPU = Release|Any CPU
	EndGlobalSection
	GlobalSection(ProjectConfigurationPlatforms) = postSolution
		{7035D46E-8A1B-411C-BB98-C7DA3A2958E7}.Debug|Any CPU.ActiveCfg = Debug|Any CPU
		{7035D46E-8A1B-411C-BB98-C7DA3A2958E7}.Debug|Any CPU.Build.0 = Debug|Any CPU
		{7035D46E-8A1B-411C-BB98-C7DA3A2958E7}.Release|Any CPU.ActiveCfg = Release|Any CPU
		{7035D46E-8A1B-411C-BB98-C7DA3A2958E7}.Release|Any CPU.Build.0 = Release|Any CPU
		{314D6171-E70A-4D64-9CEB-E88797ECFD44}.Debug|Any CPU.ActiveCfg = Debug|Any CPU
		{314D6171-E70A-4D64-9CEB-E88797ECFD44}.Debug|Any CPU.Build.0 = Debug|Any CPU
		{314D6171-E70A-4D64-9CEB-E88797ECFD44}.Release|Any CPU.ActiveCfg = Release|Any CPU
		{314D6171-E70A-4D64-9CEB-E88797ECFD44}.Release|Any CPU.Build.0 = Release|Any CPU
	EndGlobalSection
	GlobalSection(SolutionProperties) = preSolution
		HideSolutionNode = FALSE
	EndGlobalSection
	GlobalSection(ExtensibilityGlobals) = postSolution
		SolutionGuid = {6B4ECA2A-12C8-4BEA-82A7-7CF82A8C5AD0}
	EndGlobalSection
EndGlobal
